
Microsoft Visual Studio Solution File, Format Version 12.00
# Visual Studio 15
VisualStudioVersion = 15.0.28307.572
MinimumVisualStudioVersion = 10.0.40219.1
Project("{FAE04EC0-301F-11D3-BF4B-00C04F79EFBC}") = "VanityKey", "VanityKey\VanityKey.csproj", "{75E28885-D4F5-458D-A808-FA127465A3D8}"
EndProject
Global
	GlobalSection(SolutionConfigurationPlatforms) = preSolution
		Debug|Any CPU = Debug|Any CPU
		Release|Any CPU = Release|Any CPU
	EndGlobalSection
	GlobalSection(ProjectConfigurationPlatforms) = postSolution
		{75E28885-D4F5-458D-A808-FA127465A3D8}.Debug|Any CPU.ActiveCfg = Debug|Any CPU
		{75E28885-D4F5-458D-A808-FA127465A3D8}.Debug|Any CPU.Build.0 = Debug|Any CPU
		{75E28885-D4F5-458D-A808-FA127465A3D8}.Release|Any CPU.ActiveCfg = Release|Any CPU
		{75E28885-D4F5-458D-A808-FA127465A3D8}.Release|Any CPU.Build.0 = Release|Any CPU
	EndGlobalSection
	GlobalSection(SolutionProperties) = preSolution
		HideSolutionNode = FALSE
	EndGlobalSection
	GlobalSection(ExtensibilityGlobals) = postSolution
		SolutionGuid = {E45F9E53-E6C8-448B-ACB4-13028196EE4C}
	EndGlobalSection
EndGlobal
